
Microsoft Visual Studio Solution File, Format Version 12.00
# Visual Studio 2012
Project("{FAE04EC0-301F-11D3-BF4B-00C04F79EFBC}") = "20170117练习", "20170117练习\20170117练习.csproj", "{F1F29F6E-B44A-4440-B9C8-69A5F4C06AB0}"
EndProject
Global
	GlobalSection(SolutionConfigurationPlatforms) = preSolution
		Debug|Any CPU = Debug|Any CPU
		Release|Any CPU = Release|Any CPU
	EndGlobalSection
	GlobalSection(ProjectConfigurationPlatforms) = postSolution
		{F1F29F6E-B44A-4440-B9C8-69A5F4C06AB0}.Debug|Any CPU.ActiveCfg = Debug|Any CPU
		{F1F29F6E-B44A-4440-B9C8-69A5F4C06AB0}.Debug|Any CPU.Build.0 = Debug|Any CPU
		{F1F29F6E-B44A-4440-B9C8-69A5F4C06AB0}.Release|Any CPU.ActiveCfg = Release|Any CPU
		{F1F29F6E-B44A-4440-B9C8-69A5F4C06AB0}.Release|Any CPU.Build.0 = Release|Any CPU
	EndGlobalSection
	GlobalSection(SolutionProperties) = preSolution
		HideSolutionNode = FALSE
	EndGlobalSection
EndGlobal
