
Microsoft Visual Studio Solution File, Format Version 12.00
# Visual Studio 2012
Project("{8BC9CEB8-8B4A-11D0-8D11-00A0C91BC942}") = "ConsoleApplication1", "ConsoleApplication1\ConsoleApplication1.vcxproj", "{D5D8CD93-F622-4C84-A5B7-87B6B1F2AD3B}"
EndProject
Global
	GlobalSection(SolutionConfigurationPlatforms) = preSolution
		Debug|Win32 = Debug|Win32
		Release|Win32 = Release|Win32
	EndGlobalSection
	GlobalSection(ProjectConfigurationPlatforms) = postSolution
		{D5D8CD93-F622-4C84-A5B7-87B6B1F2AD3B}.Debug|Win32.ActiveCfg = Debug|Win32
		{D5D8CD93-F622-4C84-A5B7-87B6B1F2AD3B}.Debug|Win32.Build.0 = Debug|Win32
		{D5D8CD93-F622-4C84-A5B7-87B6B1F2AD3B}.Release|Win32.ActiveCfg = Release|Win32
		{D5D8CD93-F622-4C84-A5B7-87B6B1F2AD3B}.Release|Win32.Build.0 = Release|Win32
	EndGlobalSection
	GlobalSection(SolutionProperties) = preSolution
		HideSolutionNode = FALSE
	EndGlobalSection
EndGlobal
