
Microsoft Visual Studio Solution File, Format Version 12.00
# Visual Studio 2012
Project("{911E67C6-3D85-4FCE-B560-20A9C3E3FF48}") = "devenv", "D:\Microsoft Visual Studio 11.0\Common7\IDE\devenv.exe", "{67E49544-3C84-4F92-887A-15165C4DF589}"
	ProjectSection(DebuggerProjectSystem) = preProject
		PortSupplier = 00000000-0000-0000-0000-000000000000
		Executable = D:\Microsoft Visual Studio 11.0\Common7\IDE\devenv.exe
		RemoteMachine = DXDYK5BHY7N9MLY
		StartingDirectory = D:\Microsoft Visual Studio 11.0\Common7\IDE
		Environment = 默认值
		LaunchingEngine = 00000000-0000-0000-0000-000000000000
		LaunchSQLEngine = No
		AttachLaunchAction = No
	EndProjectSection
EndProject
Global
	GlobalSection(SolutionConfigurationPlatforms) = preSolution
		Debug|x86 = Debug|x86
	EndGlobalSection
	GlobalSection(ProjectConfigurationPlatforms) = postSolution
		{67E49544-3C84-4F92-887A-15165C4DF589}.Debug|x86.ActiveCfg = Debug|x86
	EndGlobalSection
	GlobalSection(SolutionProperties) = preSolution
		HideSolutionNode = FALSE
	EndGlobalSection
EndGlobal
