
Microsoft Visual Studio Solution File, Format Version 12.00
# Visual Studio 2012
Project("{F184B08F-C81C-45F6-A57F-5ABD9991F28F}") = "JiroToH", "JiroToH\JiroToH.vbproj", "{6C28CDB5-BD44-4945-84DC-83A51C6B4A9D}"
EndProject
Global
	GlobalSection(SolutionConfigurationPlatforms) = preSolution
		Debug|Any CPU = Debug|Any CPU
		Release|Any CPU = Release|Any CPU
	EndGlobalSection
	GlobalSection(ProjectConfigurationPlatforms) = postSolution
		{6C28CDB5-BD44-4945-84DC-83A51C6B4A9D}.Debug|Any CPU.ActiveCfg = Debug|Any CPU
		{6C28CDB5-BD44-4945-84DC-83A51C6B4A9D}.Debug|Any CPU.Build.0 = Debug|Any CPU
		{6C28CDB5-BD44-4945-84DC-83A51C6B4A9D}.Release|Any CPU.ActiveCfg = Release|Any CPU
		{6C28CDB5-BD44-4945-84DC-83A51C6B4A9D}.Release|Any CPU.Build.0 = Release|Any CPU
	EndGlobalSection
	GlobalSection(SolutionProperties) = preSolution
		HideSolutionNode = FALSE
	EndGlobalSection
EndGlobal
