
Microsoft Visual Studio Solution File, Format Version 12.00
# Visual Studio 2012
Project("{FAE04EC0-301F-11D3-BF4B-00C04F79EFBC}") = "2011kaoyan", "2011kaoyan\2011kaoyan.csproj", "{92372562-7E14-46E3-87F1-22FF71E3B242}"
EndProject
Global
	GlobalSection(SolutionConfigurationPlatforms) = preSolution
		Debug|Any CPU = Debug|Any CPU
		Release|Any CPU = Release|Any CPU
	EndGlobalSection
	GlobalSection(ProjectConfigurationPlatforms) = postSolution
		{92372562-7E14-46E3-87F1-22FF71E3B242}.Debug|Any CPU.ActiveCfg = Debug|Any CPU
		{92372562-7E14-46E3-87F1-22FF71E3B242}.Debug|Any CPU.Build.0 = Debug|Any CPU
		{92372562-7E14-46E3-87F1-22FF71E3B242}.Release|Any CPU.ActiveCfg = Release|Any CPU
		{92372562-7E14-46E3-87F1-22FF71E3B242}.Release|Any CPU.Build.0 = Release|Any CPU
	EndGlobalSection
	GlobalSection(SolutionProperties) = preSolution
		HideSolutionNode = FALSE
	EndGlobalSection
EndGlobal
