
Microsoft Visual Studio Solution File, Format Version 12.00
# Visual Studio 2012
Project("{FAE04EC0-301F-11D3-BF4B-00C04F79EFBC}") = "2011机试题目2", "2011机试题目2\2011机试题目2.csproj", "{CA4D6494-8250-4FEB-9687-BFBFF73B9385}"
EndProject
Global
	GlobalSection(SolutionConfigurationPlatforms) = preSolution
		Debug|Any CPU = Debug|Any CPU
		Release|Any CPU = Release|Any CPU
	EndGlobalSection
	GlobalSection(ProjectConfigurationPlatforms) = postSolution
		{CA4D6494-8250-4FEB-9687-BFBFF73B9385}.Debug|Any CPU.ActiveCfg = Debug|Any CPU
		{CA4D6494-8250-4FEB-9687-BFBFF73B9385}.Debug|Any CPU.Build.0 = Debug|Any CPU
		{CA4D6494-8250-4FEB-9687-BFBFF73B9385}.Release|Any CPU.ActiveCfg = Release|Any CPU
		{CA4D6494-8250-4FEB-9687-BFBFF73B9385}.Release|Any CPU.Build.0 = Release|Any CPU
	EndGlobalSection
	GlobalSection(SolutionProperties) = preSolution
		HideSolutionNode = FALSE
	EndGlobalSection
EndGlobal
